
Microsoft Visual Studio Solution File, Format Version 12.00
# Visual Studio Version 17
VisualStudioVersion = 17.10.35013.160
MinimumVisualStudioVersion = 10.0.40219.1
Project("{9A19103F-16F7-4668-BE54-9A1E7A4F7556}") = "ToDoApp", "ToDoApp\ToDoApp.csproj", "{9EABF5D9-3136-43A9-B0AE-4CBF2C8CD879}"
EndProject
Project("{9A19103F-16F7-4668-BE54-9A1E7A4F7556}") = "ToDoApp.Data", "ToDoApp.Data\ToDoApp.Data.csproj", "{DE368B44-C29D-4F24-A647-70C882E59FC4}"
EndProject
Global
	GlobalSection(SolutionConfigurationPlatforms) = preSolution
		Debug|Any CPU = Debug|Any CPU
		Release|Any CPU = Release|Any CPU
	EndGlobalSection
	GlobalSection(ProjectConfigurationPlatforms) = postSolution
		{9EABF5D9-3136-43A9-B0AE-4CBF2C8CD879}.Debug|Any CPU.ActiveCfg = Debug|Any CPU
		{9EABF5D9-3136-43A9-B0AE-4CBF2C8CD879}.Debug|Any CPU.Build.0 = Debug|Any CPU
		{9EABF5D9-3136-43A9-B0AE-4CBF2C8CD879}.Release|Any CPU.ActiveCfg = Release|Any CPU
		{9EABF5D9-3136-43A9-B0AE-4CBF2C8CD879}.Release|Any CPU.Build.0 = Release|Any CPU
		{DE368B44-C29D-4F24-A647-70C882E59FC4}.Debug|Any CPU.ActiveCfg = Debug|Any CPU
		{DE368B44-C29D-4F24-A647-70C882E59FC4}.Debug|Any CPU.Build.0 = Debug|Any CPU
		{DE368B44-C29D-4F24-A647-70C882E59FC4}.Release|Any CPU.ActiveCfg = Release|Any CPU
		{DE368B44-C29D-4F24-A647-70C882E59FC4}.Release|Any CPU.Build.0 = Release|Any CPU
	EndGlobalSection
	GlobalSection(SolutionProperties) = preSolution
		HideSolutionNode = FALSE
	EndGlobalSection
	GlobalSection(ExtensibilityGlobals) = postSolution
		SolutionGuid = {30D58563-A792-44BB-9DE1-38B174FB3291}
	EndGlobalSection
EndGlobal
